// !$*UTF8*$!
{
	archiveVersion = 1;
	classes = {
	};
	objectVersion = 46;
	objects = {

/* Begin PBXBuildFile section */
		840F04A71B41C25800AFE817 /* SavedWorkoutsTableVC.m in Sources */ = {isa = PBXBuildFile; fileRef = 840F04A61B41C25800AFE817 /* SavedWorkoutsTableVC.m */; };
		84191B4F1B2C4904006C0C86 /* ChangeModusVC.m in Sources */ = {isa = PBXBuildFile; fileRef = 84191B4E1B2C4904006C0C86 /* ChangeModusVC.m */; };
		842FCA5C1B493E380038D1CF /* Quicksort.m in Sources */ = {isa = PBXBuildFile; fileRef = 842FCA5B1B493E380038D1CF /* Quicksort.m */; };
		8438BEF41B417A3F00E3FA62 /* MapViewExerciseAnnotation.m in Sources */ = {isa = PBXBuildFile; fileRef = 8438BEF31B417A3F00E3FA62 /* MapViewExerciseAnnotation.m */; };
		8438BEF61B418BCC00E3FA62 /* erdbeere.png in Resources */ = {isa = PBXBuildFile; fileRef = 8438BEF51B418BCC00E3FA62 /* erdbeere.png */; };
		8441B9401B3AD1CF008698B4 /* data.plist in Resources */ = {isa = PBXBuildFile; fileRef = 8441B93F1B3AD1CF008698B4 /* data.plist */; };
		8441B9431B3AD4CF008698B4 /* Zutat.m in Sources */ = {isa = PBXBuildFile; fileRef = 8441B9421B3AD4CF008698B4 /* Zutat.m */; };
		844AF58D1B31E29600353B6B /* zutatenListe.plist in Resources */ = {isa = PBXBuildFile; fileRef = 844AF58C1B31E29600353B6B /* zutatenListe.plist */; };
		844AF5A01B31FDFF00353B6B /* Dynamic Table Views-Info.plist in Resources */ = {isa = PBXBuildFile; fileRef = 844AF59F1B31FDFF00353B6B /* Dynamic Table Views-Info.plist */; };
		844AF5A21B31FE0400353B6B /* InfoPlist.strings in Resources */ = {isa = PBXBuildFile; fileRef = 844AF5A11B31FE0400353B6B /* InfoPlist.strings */; };
		844AF5B71B3206AE00353B6B /* Info.plist in Resources */ = {isa = PBXBuildFile; fileRef = 844AF5B61B3206AE00353B6B /* Info.plist */; };
		84567A391B2EE92F0062E0D6 /* StartmenuView.m in Sources */ = {isa = PBXBuildFile; fileRef = 84567A381B2EE92E0062E0D6 /* StartmenuView.m */; };
		84567A3C1B2EEBBD0062E0D6 /* ErnaehrungView.m in Sources */ = {isa = PBXBuildFile; fileRef = 84567A3B1B2EEBBD0062E0D6 /* ErnaehrungView.m */; };
		84567A421B2EFEB10062E0D6 /* NeuWorkoutView.m in Sources */ = {isa = PBXBuildFile; fileRef = 84567A411B2EFEB10062E0D6 /* NeuWorkoutView.m */; };
		84567A451B2EFEC40062E0D6 /* NeuWorkoutVC.m in Sources */ = {isa = PBXBuildFile; fileRef = 84567A441B2EFEC40062E0D6 /* NeuWorkoutVC.m */; };
		84575BB11B3EBB83006C298D /* RecipeDetailVC.m in Sources */ = {isa = PBXBuildFile; fileRef = 84575BB01B3EBB83006C298D /* RecipeDetailVC.m */; };
		84575BB41B3EBE42006C298D /* RecipeTableViewController.m in Sources */ = {isa = PBXBuildFile; fileRef = 84575BB31B3EBE42006C298D /* RecipeTableViewController.m */; };
		84575BB71B3EBF65006C298D /* RecipeCustomCell.m in Sources */ = {isa = PBXBuildFile; fileRef = 84575BB61B3EBF65006C298D /* RecipeCustomCell.m */; };
		84575BB91B3EC176006C298D /* RecipeCustomCell.xib in Resources */ = {isa = PBXBuildFile; fileRef = 84575BB81B3EC176006C298D /* RecipeCustomCell.xib */; };
		84575BBC1B3EC8D9006C298D /* Recipe.m in Sources */ = {isa = PBXBuildFile; fileRef = 84575BBB1B3EC8D9006C298D /* Recipe.m */; };
		845BDB611B3013B000F6C7B3 /* LogInVC.m in Sources */ = {isa = PBXBuildFile; fileRef = 845BDB601B3013B000F6C7B3 /* LogInVC.m */; };
		845BDB641B30165800F6C7B3 /* Social.framework in Frameworks */ = {isa = PBXBuildFile; fileRef = 845BDB631B30165800F6C7B3 /* Social.framework */; };
		845BDB661B30166100F6C7B3 /* Accounts.framework in Frameworks */ = {isa = PBXBuildFile; fileRef = 845BDB651B30166100F6C7B3 /* Accounts.framework */; };
		846311181B43D935006DD69F /* ExerciseCheckView.m in Sources */ = {isa = PBXBuildFile; fileRef = 846311171B43D935006DD69F /* ExerciseCheckView.m */; };
		84713AAC1B4E9308004F817E /* AVFoundation.framework in Frameworks */ = {isa = PBXBuildFile; fileRef = 84713AAB1B4E9308004F817E /* AVFoundation.framework */; };
		84856E321B47AB650039E1EF /* LocationUploadVC.m in Sources */ = {isa = PBXBuildFile; fileRef = 84856E311B47AB650039E1EF /* LocationUploadVC.m */; };
		848C56A21B31962400B407C5 /* Default.png in Resources */ = {isa = PBXBuildFile; fileRef = 848C569F1B31962400B407C5 /* Default.png */; };
		848C56A31B31962400B407C5 /* Default@2x.png in Resources */ = {isa = PBXBuildFile; fileRef = 848C56A01B31962400B407C5 /* Default@2x.png */; };
		848C56A41B31962400B407C5 /* Default-568h@2x.png in Resources */ = {isa = PBXBuildFile; fileRef = 848C56A11B31962400B407C5 /* Default-568h@2x.png */; };
		8496899D1B2C4A9B0000CAE2 /* ErnaehrungVC.m in Sources */ = {isa = PBXBuildFile; fileRef = 8496899A1B2C4A9B0000CAE2 /* ErnaehrungVC.m */; };
		8496899E1B2C4A9B0000CAE2 /* FinishedScreenVC.m in Sources */ = {isa = PBXBuildFile; fileRef = 8496899C1B2C4A9B0000CAE2 /* FinishedScreenVC.m */; };
		849689A11B2C4B9A0000CAE2 /* MuskelgruppeVC.m in Sources */ = {isa = PBXBuildFile; fileRef = 849689A01B2C4B9A0000CAE2 /* MuskelgruppeVC.m */; };
		849689A71B2C4BC10000CAE2 /* SavedWorkoutsVC.m in Sources */ = {isa = PBXBuildFile; fileRef = 849689A51B2C4BC10000CAE2 /* SavedWorkoutsVC.m */; };
		849689AA1B2C4BFE0000CAE2 /* StandortVC.m in Sources */ = {isa = PBXBuildFile; fileRef = 849689A91B2C4BFE0000CAE2 /* StandortVC.m */; };
		849689AF1B2C4C160000CAE2 /* UebungAnleitungVC.m in Sources */ = {isa = PBXBuildFile; fileRef = 849689AC1B2C4C160000CAE2 /* UebungAnleitungVC.m */; };
		849689B01B2C4C160000CAE2 /* UebungRouteVC.m in Sources */ = {isa = PBXBuildFile; fileRef = 849689AE1B2C4C160000CAE2 /* UebungRouteVC.m */; };
		84C9F7CB1B40948200BDD104 /* AFNetworking in Frameworks */ = {isa = PBXBuildFile; fileRef = 84C9F7CA1B40948200BDD104 /* AFNetworking */; };
		84CD91A91B2C301800B1AAD5 /* AudioToolbox.framework in Frameworks */ = {isa = PBXBuildFile; fileRef = 84CD91A81B2C301700B1AAD5 /* AudioToolbox.framework */; };
		84CD91AC1B2C302C00B1AAD5 /* CFNetwork.framework in Frameworks */ = {isa = PBXBuildFile; fileRef = 84CD91AA1B2C302C00B1AAD5 /* CFNetwork.framework */; };
		84CD91AF1B2C305A00B1AAD5 /* CoreLocation.framework in Frameworks */ = {isa = PBXBuildFile; fileRef = 84CD91AE1B2C305A00B1AAD5 /* CoreLocation.framework */; };
		84CD91B11B2C307700B1AAD5 /* MobileCoreServices.framework in Frameworks */ = {isa = PBXBuildFile; fileRef = 84CD91B01B2C307700B1AAD5 /* MobileCoreServices.framework */; };
		84CD91B31B2C308800B1AAD5 /* QuartzCore.framework in Frameworks */ = {isa = PBXBuildFile; fileRef = 84CD91B21B2C308800B1AAD5 /* QuartzCore.framework */; };
		84CD91B51B2C309800B1AAD5 /* Security.framework in Frameworks */ = {isa = PBXBuildFile; fileRef = 84CD91B41B2C309800B1AAD5 /* Security.framework */; };
		84CD91B81B2C30AB00B1AAD5 /* StoreKit.framework in Frameworks */ = {isa = PBXBuildFile; fileRef = 84CD91B61B2C30AB00B1AAD5 /* StoreKit.framework */; };
		84CD91B91B2C30AB00B1AAD5 /* SystemConfiguration.framework in Frameworks */ = {isa = PBXBuildFile; fileRef = 84CD91B71B2C30AB00B1AAD5 /* SystemConfiguration.framework */; };
		84CD91BB1B2C30D100B1AAD5 /* libz.dylib in Frameworks */ = {isa = PBXBuildFile; fileRef = 84CD91BA1B2C30D100B1AAD5 /* libz.dylib */; };
		84CD91BD1B2C30FC00B1AAD5 /* libsqlite3.dylib in Frameworks */ = {isa = PBXBuildFile; fileRef = 84CD91BC1B2C30FC00B1AAD5 /* libsqlite3.dylib */; };
		84DC36D11B35805600A94CBA /* DataPlist.m in Sources */ = {isa = PBXBuildFile; fileRef = 84DC36D01B35805600A94CBA /* DataPlist.m */; };
		84DC36D41B3580A000A94CBA /* CustomCell.m in Sources */ = {isa = PBXBuildFile; fileRef = 84DC36D31B3580A000A94CBA /* CustomCell.m */; };
		84DC36D71B35815800A94CBA /* DetailsViewController.m in Sources */ = {isa = PBXBuildFile; fileRef = 84DC36D61B35815800A94CBA /* DetailsViewController.m */; };
		84DC36DA1B35819B00A94CBA /* ZutatTableViewController.m in Sources */ = {isa = PBXBuildFile; fileRef = 84DC36D91B35819B00A94CBA /* ZutatTableViewController.m */; };
		84DC36E21B35845D00A94CBA /* CustomCell.xib in Resources */ = {isa = PBXBuildFile; fileRef = 84DC36E11B35845D00A94CBA /* CustomCell.xib */; };
		84DC36E71B35A88B00A94CBA /* mywanderingheart.ttf in Resources */ = {isa = PBXBuildFile; fileRef = 84DC36E61B35A88B00A94CBA /* mywanderingheart.ttf */; };
		84F283661B4E83CB004A58D6 /* LogInVCDetail.m in Sources */ = {isa = PBXBuildFile; fileRef = 84F283651B4E83CB004A58D6 /* LogInVCDetail.m */; };
		B9F47C3697E9FF05607928C2 /* libPods-FITamin.a in Frameworks */ = {isa = PBXBuildFile; fileRef = D2F76DA9E59A064428B161FC /* libPods-FITamin.a */; settings = {ATTRIBUTES = (Weak, ); }; };
		D44EA1DA1B358E8900C40948 /* Images.xcassets in Resources */ = {isa = PBXBuildFile; fileRef = F790D0E21B31B5B50092654E /* Images.xcassets */; };
		D45A6F241B2F0EDE0016A3BE /* MapKit.framework in Frameworks */ = {isa = PBXBuildFile; fileRef = D45A6F231B2F0EDE0016A3BE /* MapKit.framework */; };
		D475D1F41B3F1947008D046B /* RecipeModel.m in Sources */ = {isa = PBXBuildFile; fileRef = D475D1F31B3F1947008D046B /* RecipeModel.m */; };
		D475D1F71B3F1956008D046B /* RecipeListModel.m in Sources */ = {isa = PBXBuildFile; fileRef = D475D1F61B3F1956008D046B /* RecipeListModel.m */; };
		D475D1FA1B3F1962008D046B /* SearchModel.m in Sources */ = {isa = PBXBuildFile; fileRef = D475D1F91B3F1962008D046B /* SearchModel.m */; };
		D475D1FD1B3F1972008D046B /* GetRequestModel.m in Sources */ = {isa = PBXBuildFile; fileRef = D475D1FC1B3F1972008D046B /* GetRequestModel.m */; };
		D475D2001B3F1A83008D046B /* RecipeApiController.m in Sources */ = {isa = PBXBuildFile; fileRef = D475D1FF1B3F1A83008D046B /* RecipeApiController.m */; };
		D4DA7B3E1B28815D00440996 /* main.m in Sources */ = {isa = PBXBuildFile; fileRef = D4DA7B3D1B28815D00440996 /* main.m */; };
		D4DA7B411B28815D00440996 /* AppDelegate.m in Sources */ = {isa = PBXBuildFile; fileRef = D4DA7B401B28815D00440996 /* AppDelegate.m */; };
		D4DA7B441B28815D00440996 /* StartmenuVC.m in Sources */ = {isa = PBXBuildFile; fileRef = D4DA7B431B28815D00440996 /* StartmenuVC.m */; };
		D4DA7B471B28815D00440996 /* Main.storyboard in Resources */ = {isa = PBXBuildFile; fileRef = D4DA7B451B28815D00440996 /* Main.storyboard */; };
		D4DA7B4C1B28815D00440996 /* LaunchScreen.xib in Resources */ = {isa = PBXBuildFile; fileRef = D4DA7B4A1B28815D00440996 /* LaunchScreen.xib */; };
		D4DA7B581B28815D00440996 /* FITaminTests.m in Sources */ = {isa = PBXBuildFile; fileRef = D4DA7B571B28815D00440996 /* FITaminTests.m */; };
		F70A68C51B3ED8D40057A016 /* ChooseMode.m in Sources */ = {isa = PBXBuildFile; fileRef = F70A68C41B3ED8D40057A016 /* ChooseMode.m */; };
		F76F16671B43E4040065BBCE /* WorkoutRecipesTableTableViewController.m in Sources */ = {isa = PBXBuildFile; fileRef = F76F16661B43E4040065BBCE /* WorkoutRecipesTableTableViewController.m */; };
		F76F16691B43E6E40065BBCE /* WorkoutRecipeCustomCell.xib in Resources */ = {isa = PBXBuildFile; fileRef = F76F16681B43E6E40065BBCE /* WorkoutRecipeCustomCell.xib */; };
		F76F166C1B43E9220065BBCE /* WorkoutRecipeCustomCell.m in Sources */ = {isa = PBXBuildFile; fileRef = F76F166B1B43E9220065BBCE /* WorkoutRecipeCustomCell.m */; };
/* End PBXBuildFile section */

/* Begin PBXContainerItemProxy section */
		84C9F7E61B4094A000BDD104 /* PBXContainerItemProxy */ = {
			isa = PBXContainerItemProxy;
			containerPortal = 84C9F7D51B40949E00BDD104 /* Pods.xcodeproj */;
			proxyType = 2;
			remoteGlobalIDString = 1F405BE5FA8443FB91308424;
			remoteInfo = "Pods-FITamin";
		};
		84C9F7E81B4094A000BDD104 /* PBXContainerItemProxy */ = {
			isa = PBXContainerItemProxy;
			containerPortal = 84C9F7D51B40949E00BDD104 /* Pods.xcodeproj */;
			proxyType = 2;
			remoteGlobalIDString = 5258A89BB30F2457A363C740;
			remoteInfo = "Pods-FITamin-AFNetworking";
		};
		84C9F7EA1B4094A000BDD104 /* PBXContainerItemProxy */ = {
			isa = PBXContainerItemProxy;
			containerPortal = 84C9F7D51B40949E00BDD104 /* Pods.xcodeproj */;
			proxyType = 2;
			remoteGlobalIDString = B6B8B402DD6E5EF6E2E898FA;
			remoteInfo = "Pods-FITamin-Bolts";
		};
		84C9F7EC1B4094A000BDD104 /* PBXContainerItemProxy */ = {
			isa = PBXContainerItemProxy;
			containerPortal = 84C9F7D51B40949E00BDD104 /* Pods.xcodeproj */;
			proxyType = 2;
			remoteGlobalIDString = 340EF3C27F63899B2BC691AA;
			remoteInfo = "Pods-FITamin-Facebook-iOS-SDK";
		};
		84C9F7EE1B4094A000BDD104 /* PBXContainerItemProxy */ = {
			isa = PBXContainerItemProxy;
			containerPortal = 84C9F7D51B40949E00BDD104 /* Pods.xcodeproj */;
			proxyType = 2;
			remoteGlobalIDString = 19CA89D43A379B42C89991CE;
			remoteInfo = "Pods-FITamin-JSONModel";
		};
		84C9F7F01B4094A000BDD104 /* PBXContainerItemProxy */ = {
			isa = PBXContainerItemProxy;
			containerPortal = 84C9F7D51B40949E00BDD104 /* Pods.xcodeproj */;
			proxyType = 2;
			remoteGlobalIDString = EDA22F3A1AD1B5957B967189;
			remoteInfo = "Pods-FITamin-MBProgressHUD";
		};
		84C9F7F21B4094A000BDD104 /* PBXContainerItemProxy */ = {
			isa = PBXContainerItemProxy;
			containerPortal = 84C9F7D51B40949E00BDD104 /* Pods.xcodeproj */;
			proxyType = 2;
			remoteGlobalIDString = 000A66DE254AB22A508F524F;
			remoteInfo = "Pods-FITamin-ParseUI";
		};
		84C9F7F41B4094A000BDD104 /* PBXContainerItemProxy */ = {
			isa = PBXContainerItemProxy;
			containerPortal = 84C9F7D51B40949E00BDD104 /* Pods.xcodeproj */;
			proxyType = 2;
			remoteGlobalIDString = 1D57BC2BFFC29E51064FB4DF;
			remoteInfo = "Pods-FITamin-SDWebImage";
		};
		84C9F7F61B4094A000BDD104 /* PBXContainerItemProxy */ = {
			isa = PBXContainerItemProxy;
			containerPortal = 84C9F7D51B40949E00BDD104 /* Pods.xcodeproj */;
			proxyType = 2;
			remoteGlobalIDString = 4C334169D1C72550197AE8B6;
			remoteInfo = "Pods-FITamin-SDWebImage-ProgressView";
		};
		84C9F7F81B4094A000BDD104 /* PBXContainerItemProxy */ = {
			isa = PBXContainerItemProxy;
			containerPortal = 84C9F7D51B40949E00BDD104 /* Pods.xcodeproj */;
			proxyType = 2;
			remoteGlobalIDString = F6E250768C14FA7F043C1FA0;
			remoteInfo = "Pods-FITamin-TPKeyboardAvoiding";
		};
		D4DA7B521B28815D00440996 /* PBXContainerItemProxy */ = {
			isa = PBXContainerItemProxy;
			containerPortal = D4DA7B301B28815D00440996 /* Project object */;
			proxyType = 1;
			remoteGlobalIDString = D4DA7B371B28815D00440996;
			remoteInfo = FITamin;
		};
		F76F16631B43E3870065BBCE /* PBXContainerItemProxy */ = {
			isa = PBXContainerItemProxy;
			containerPortal = 84C9F7D51B40949E00BDD104 /* Pods.xcodeproj */;
			proxyType = 2;
			remoteGlobalIDString = 31CC2864CA54C82631B565C4;
			remoteInfo = "Pods-FITamin-RateView";
		};
/* End PBXContainerItemProxy section */

/* Begin PBXFileReference section */
		778406AD3732DDB7A2323C38 /* Pods-FITamin.debug.xcconfig */ = {isa = PBXFileReference; includeInIndex = 1; lastKnownFileType = text.xcconfig; name = "Pods-FITamin.debug.xcconfig"; path = "Pods/Target Support Files/Pods-FITamin/Pods-FITamin.debug.xcconfig"; sourceTree = "<group>"; };
		840F04A21B41861D00AFE817 /* LogoutVC.h */ = {isa = PBXFileReference; fileEncoding = 4; lastKnownFileType = sourcecode.c.h; path = LogoutVC.h; sourceTree = "<group>"; };
		840F04A31B41861D00AFE817 /* LogoutVC.m */ = {isa = PBXFileReference; fileEncoding = 4; lastKnownFileType = sourcecode.c.objc; path = LogoutVC.m; sourceTree = "<group>"; };
		840F04A51B41C25800AFE817 /* SavedWorkoutsTableVC.h */ = {isa = PBXFileReference; fileEncoding = 4; lastKnownFileType = sourcecode.c.h; path = SavedWorkoutsTableVC.h; sourceTree = "<group>"; };
		840F04A61B41C25800AFE817 /* SavedWorkoutsTableVC.m */ = {isa = PBXFileReference; fileEncoding = 4; lastKnownFileType = sourcecode.c.objc; path = SavedWorkoutsTableVC.m; sourceTree = "<group>"; };
		84191B4D1B2C4904006C0C86 /* ChangeModusVC.h */ = {isa = PBXFileReference; fileEncoding = 4; lastKnownFileType = sourcecode.c.h; path = ChangeModusVC.h; sourceTree = "<group>"; };
		84191B4E1B2C4904006C0C86 /* ChangeModusVC.m */ = {isa = PBXFileReference; fileEncoding = 4; lastKnownFileType = sourcecode.c.objc; path = ChangeModusVC.m; sourceTree = "<group>"; };
		842FCA5A1B493C5E0038D1CF /* Quicksort.h */ = {isa = PBXFileReference; lastKnownFileType = sourcecode.c.h; path = Quicksort.h; sourceTree = "<group>"; };
		842FCA5B1B493E380038D1CF /* Quicksort.m */ = {isa = PBXFileReference; fileEncoding = 4; lastKnownFileType = sourcecode.c.objc; path = Quicksort.m; sourceTree = "<group>"; };
		8438BEF21B4179EC00E3FA62 /* MapViewExerciseAnnotation.h */ = {isa = PBXFileReference; lastKnownFileType = sourcecode.c.h; path = MapViewExerciseAnnotation.h; sourceTree = "<group>"; };
		8438BEF31B417A3F00E3FA62 /* MapViewExerciseAnnotation.m */ = {isa = PBXFileReference; fileEncoding = 4; lastKnownFileType = sourcecode.c.objc; path = MapViewExerciseAnnotation.m; sourceTree = "<group>"; };
		8438BEF51B418BCC00E3FA62 /* erdbeere.png */ = {isa = PBXFileReference; lastKnownFileType = image.png; path = erdbeere.png; sourceTree = "<group>"; };
		8441B93F1B3AD1CF008698B4 /* data.plist */ = {isa = PBXFileReference; fileEncoding = 4; lastKnownFileType = text.plist.xml; path = data.plist; sourceTree = "<group>"; };
		8441B9411B3AD4CF008698B4 /* Zutat.h */ = {isa = PBXFileReference; fileEncoding = 4; lastKnownFileType = sourcecode.c.h; path = Zutat.h; sourceTree = "<group>"; };
		8441B9421B3AD4CF008698B4 /* Zutat.m */ = {isa = PBXFileReference; fileEncoding = 4; lastKnownFileType = sourcecode.c.objc; path = Zutat.m; sourceTree = "<group>"; };
		844AF58C1B31E29600353B6B /* zutatenListe.plist */ = {isa = PBXFileReference; fileEncoding = 4; lastKnownFileType = text.plist.xml; path = zutatenListe.plist; sourceTree = "<group>"; };
		844AF59F1B31FDFF00353B6B /* Dynamic Table Views-Info.plist */ = {isa = PBXFileReference; fileEncoding = 4; lastKnownFileType = text.plist.xml; path = "Dynamic Table Views-Info.plist"; sourceTree = "<group>"; };
		844AF5A11B31FE0400353B6B /* InfoPlist.strings */ = {isa = PBXFileReference; fileEncoding = 4; lastKnownFileType = text.plist.strings; path = InfoPlist.strings; sourceTree = "<group>"; };
		844AF5A31B31FE0800353B6B /* Dynamic Table Views-Prefix.pch */ = {isa = PBXFileReference; lastKnownFileType = sourcecode.c.h; path = "Dynamic Table Views-Prefix.pch"; sourceTree = "<group>"; };
		844AF5B61B3206AE00353B6B /* Info.plist */ = {isa = PBXFileReference; fileEncoding = 4; lastKnownFileType = text.plist.xml; path = Info.plist; sourceTree = "<group>"; };
		84567A371B2EE92E0062E0D6 /* StartmenuView.h */ = {isa = PBXFileReference; fileEncoding = 4; lastKnownFileType = sourcecode.c.h; path = StartmenuView.h; sourceTree = "<group>"; };
		84567A381B2EE92E0062E0D6 /* StartmenuView.m */ = {isa = PBXFileReference; fileEncoding = 4; lastKnownFileType = sourcecode.c.objc; path = StartmenuView.m; sourceTree = "<group>"; };
		84567A3A1B2EEBBD0062E0D6 /* ErnaehrungView.h */ = {isa = PBXFileReference; fileEncoding = 4; lastKnownFileType = sourcecode.c.h; path = ErnaehrungView.h; sourceTree = "<group>"; };
		84567A3B1B2EEBBD0062E0D6 /* ErnaehrungView.m */ = {isa = PBXFileReference; fileEncoding = 4; lastKnownFileType = sourcecode.c.objc; path = ErnaehrungView.m; sourceTree = "<group>"; };
		84567A401B2EFEB10062E0D6 /* NeuWorkoutView.h */ = {isa = PBXFileReference; fileEncoding = 4; lastKnownFileType = sourcecode.c.h; path = NeuWorkoutView.h; sourceTree = "<group>"; };
		84567A411B2EFEB10062E0D6 /* NeuWorkoutView.m */ = {isa = PBXFileReference; fileEncoding = 4; lastKnownFileType = sourcecode.c.objc; path = NeuWorkoutView.m; sourceTree = "<group>"; };
		84567A431B2EFEC40062E0D6 /* NeuWorkoutVC.h */ = {isa = PBXFileReference; fileEncoding = 4; lastKnownFileType = sourcecode.c.h; path = NeuWorkoutVC.h; sourceTree = "<group>"; };
		84567A441B2EFEC40062E0D6 /* NeuWorkoutVC.m */ = {isa = PBXFileReference; fileEncoding = 4; lastKnownFileType = sourcecode.c.objc; path = NeuWorkoutVC.m; sourceTree = "<group>"; };
		84575BAF1B3EBB83006C298D /* RecipeDetailVC.h */ = {isa = PBXFileReference; fileEncoding = 4; lastKnownFileType = sourcecode.c.h; path = RecipeDetailVC.h; sourceTree = "<group>"; };
		84575BB01B3EBB83006C298D /* RecipeDetailVC.m */ = {isa = PBXFileReference; fileEncoding = 4; lastKnownFileType = sourcecode.c.objc; path = RecipeDetailVC.m; sourceTree = "<group>"; };
		84575BB21B3EBE42006C298D /* RecipeTableViewController.h */ = {isa = PBXFileReference; fileEncoding = 4; lastKnownFileType = sourcecode.c.h; path = RecipeTableViewController.h; sourceTree = "<group>"; };
		84575BB31B3EBE42006C298D /* RecipeTableViewController.m */ = {isa = PBXFileReference; fileEncoding = 4; lastKnownFileType = sourcecode.c.objc; path = RecipeTableViewController.m; sourceTree = "<group>"; };
		84575BB51B3EBF65006C298D /* RecipeCustomCell.h */ = {isa = PBXFileReference; fileEncoding = 4; lastKnownFileType = sourcecode.c.h; path = RecipeCustomCell.h; sourceTree = "<group>"; };
		84575BB61B3EBF65006C298D /* RecipeCustomCell.m */ = {isa = PBXFileReference; fileEncoding = 4; lastKnownFileType = sourcecode.c.objc; path = RecipeCustomCell.m; sourceTree = "<group>"; };
		84575BB81B3EC176006C298D /* RecipeCustomCell.xib */ = {isa = PBXFileReference; fileEncoding = 4; lastKnownFileType = file.xib; path = RecipeCustomCell.xib; sourceTree = "<group>"; };
		84575BBA1B3EC8D9006C298D /* Recipe.h */ = {isa = PBXFileReference; fileEncoding = 4; lastKnownFileType = sourcecode.c.h; path = Recipe.h; sourceTree = "<group>"; };
		84575BBB1B3EC8D9006C298D /* Recipe.m */ = {isa = PBXFileReference; fileEncoding = 4; lastKnownFileType = sourcecode.c.objc; path = Recipe.m; sourceTree = "<group>"; };
		845BDB601B3013B000F6C7B3 /* LogInVC.m */ = {isa = PBXFileReference; fileEncoding = 4; lastKnownFileType = sourcecode.c.objc; path = LogInVC.m; sourceTree = "<group>"; };
		845BDB621B3013ED00F6C7B3 /* LogInVC.h */ = {isa = PBXFileReference; lastKnownFileType = sourcecode.c.h; path = LogInVC.h; sourceTree = "<group>"; };
		845BDB631B30165800F6C7B3 /* Social.framework */ = {isa = PBXFileReference; lastKnownFileType = wrapper.framework; name = Social.framework; path = System/Library/Frameworks/Social.framework; sourceTree = SDKROOT; };
		845BDB651B30166100F6C7B3 /* Accounts.framework */ = {isa = PBXFileReference; lastKnownFileType = wrapper.framework; name = Accounts.framework; path = System/Library/Frameworks/Accounts.framework; sourceTree = SDKROOT; };
		846311091B43D920006DD69F /* ExerciseCheckView.h */ = {isa = PBXFileReference; lastKnownFileType = sourcecode.c.h; path = ExerciseCheckView.h; sourceTree = "<group>"; };
		846311171B43D935006DD69F /* ExerciseCheckView.m */ = {isa = PBXFileReference; fileEncoding = 4; lastKnownFileType = sourcecode.c.objc; path = ExerciseCheckView.m; sourceTree = "<group>"; };
		84713AAB1B4E9308004F817E /* AVFoundation.framework */ = {isa = PBXFileReference; lastKnownFileType = wrapper.framework; name = AVFoundation.framework; path = System/Library/Frameworks/AVFoundation.framework; sourceTree = SDKROOT; };
		84856E301B47AB4F0039E1EF /* LocationUploadVC.h */ = {isa = PBXFileReference; lastKnownFileType = sourcecode.c.h; path = LocationUploadVC.h; sourceTree = "<group>"; };
		84856E311B47AB650039E1EF /* LocationUploadVC.m */ = {isa = PBXFileReference; fileEncoding = 4; lastKnownFileType = sourcecode.c.objc; path = LocationUploadVC.m; sourceTree = "<group>"; };
		848C569F1B31962400B407C5 /* Default.png */ = {isa = PBXFileReference; lastKnownFileType = image.png; path = Default.png; sourceTree = "<group>"; };
		848C56A01B31962400B407C5 /* Default@2x.png */ = {isa = PBXFileReference; lastKnownFileType = image.png; path = "Default@2x.png"; sourceTree = "<group>"; };
		848C56A11B31962400B407C5 /* Default-568h@2x.png */ = {isa = PBXFileReference; lastKnownFileType = image.png; path = "Default-568h@2x.png"; sourceTree = "<group>"; };
		849689991B2C4A9B0000CAE2 /* ErnaehrungVC.h */ = {isa = PBXFileReference; fileEncoding = 4; lastKnownFileType = sourcecode.c.h; path = ErnaehrungVC.h; sourceTree = "<group>"; };
		8496899A1B2C4A9B0000CAE2 /* ErnaehrungVC.m */ = {isa = PBXFileReference; fileEncoding = 4; lastKnownFileType = sourcecode.c.objc; path = ErnaehrungVC.m; sourceTree = "<group>"; };
		8496899B1B2C4A9B0000CAE2 /* FinishedScreenVC.h */ = {isa = PBXFileReference; fileEncoding = 4; lastKnownFileType = sourcecode.c.h; path = FinishedScreenVC.h; sourceTree = "<group>"; };
		8496899C1B2C4A9B0000CAE2 /* FinishedScreenVC.m */ = {isa = PBXFileReference; fileEncoding = 4; lastKnownFileType = sourcecode.c.objc; path = FinishedScreenVC.m; sourceTree = "<group>"; };
		8496899F1B2C4B9A0000CAE2 /* MuskelgruppeVC.h */ = {isa = PBXFileReference; fileEncoding = 4; lastKnownFileType = sourcecode.c.h; path = MuskelgruppeVC.h; sourceTree = "<group>"; };
		849689A01B2C4B9A0000CAE2 /* MuskelgruppeVC.m */ = {isa = PBXFileReference; fileEncoding = 4; lastKnownFileType = sourcecode.c.objc; path = MuskelgruppeVC.m; sourceTree = "<group>"; };
		849689A41B2C4BC10000CAE2 /* SavedWorkoutsVC.h */ = {isa = PBXFileReference; fileEncoding = 4; lastKnownFileType = sourcecode.c.h; path = SavedWorkoutsVC.h; sourceTree = "<group>"; };
		849689A51B2C4BC10000CAE2 /* SavedWorkoutsVC.m */ = {isa = PBXFileReference; fileEncoding = 4; lastKnownFileType = sourcecode.c.objc; path = SavedWorkoutsVC.m; sourceTree = "<group>"; };
		849689A81B2C4BFE0000CAE2 /* StandortVC.h */ = {isa = PBXFileReference; fileEncoding = 4; lastKnownFileType = sourcecode.c.h; path = StandortVC.h; sourceTree = "<group>"; };
		849689A91B2C4BFE0000CAE2 /* StandortVC.m */ = {isa = PBXFileReference; fileEncoding = 4; lastKnownFileType = sourcecode.c.objc; path = StandortVC.m; sourceTree = "<group>"; };
		849689AB1B2C4C160000CAE2 /* UebungAnleitungVC.h */ = {isa = PBXFileReference; fileEncoding = 4; lastKnownFileType = sourcecode.c.h; path = UebungAnleitungVC.h; sourceTree = "<group>"; };
		849689AC1B2C4C160000CAE2 /* UebungAnleitungVC.m */ = {isa = PBXFileReference; fileEncoding = 4; lastKnownFileType = sourcecode.c.objc; path = UebungAnleitungVC.m; sourceTree = "<group>"; };
		849689AD1B2C4C160000CAE2 /* UebungRouteVC.h */ = {isa = PBXFileReference; fileEncoding = 4; lastKnownFileType = sourcecode.c.h; path = UebungRouteVC.h; sourceTree = "<group>"; };
		849689AE1B2C4C160000CAE2 /* UebungRouteVC.m */ = {isa = PBXFileReference; fileEncoding = 4; lastKnownFileType = sourcecode.c.objc; path = UebungRouteVC.m; sourceTree = "<group>"; };
		84C9F7CA1B40948200BDD104 /* AFNetworking */ = {isa = PBXFileReference; lastKnownFileType = folder; name = AFNetworking; path = Pods/AFNetworking; sourceTree = "<group>"; };
		84C9F7CC1B40949E00BDD104 /* Bolts */ = {isa = PBXFileReference; lastKnownFileType = folder; name = Bolts; path = Pods/Bolts; sourceTree = "<group>"; };
		84C9F7CD1B40949E00BDD104 /* Facebook-iOS-SDK */ = {isa = PBXFileReference; lastKnownFileType = folder; name = "Facebook-iOS-SDK"; path = "Pods/Facebook-iOS-SDK"; sourceTree = "<group>"; };
		84C9F7CE1B40949E00BDD104 /* Headers */ = {isa = PBXFileReference; lastKnownFileType = folder; name = Headers; path = Pods/Headers; sourceTree = "<group>"; };
		84C9F7CF1B40949E00BDD104 /* JSONModel */ = {isa = PBXFileReference; lastKnownFileType = folder; name = JSONModel; path = Pods/JSONModel; sourceTree = "<group>"; };
		84C9F7D01B40949E00BDD104 /* Manifest.lock */ = {isa = PBXFileReference; lastKnownFileType = text; name = Manifest.lock; path = Pods/Manifest.lock; sourceTree = "<group>"; };
		84C9F7D11B40949E00BDD104 /* MBProgressHUD */ = {isa = PBXFileReference; lastKnownFileType = folder; name = MBProgressHUD; path = Pods/MBProgressHUD; sourceTree = "<group>"; };
		84C9F7D21B40949E00BDD104 /* Parse */ = {isa = PBXFileReference; lastKnownFileType = folder; name = Parse; path = Pods/Parse; sourceTree = "<group>"; };
		84C9F7D31B40949E00BDD104 /* ParseFacebookUtilsV4 */ = {isa = PBXFileReference; lastKnownFileType = folder; name = ParseFacebookUtilsV4; path = Pods/ParseFacebookUtilsV4; sourceTree = "<group>"; };
		84C9F7D41B40949E00BDD104 /* ParseUI */ = {isa = PBXFileReference; lastKnownFileType = folder; name = ParseUI; path = Pods/ParseUI; sourceTree = "<group>"; };
		84C9F7D51B40949E00BDD104 /* Pods.xcodeproj */ = {isa = PBXFileReference; lastKnownFileType = "wrapper.pb-project"; name = Pods.xcodeproj; path = Pods/Pods.xcodeproj; sourceTree = "<group>"; };
		84C9F7D81B40949F00BDD104 /* SDWebImage */ = {isa = PBXFileReference; lastKnownFileType = folder; name = SDWebImage; path = Pods/SDWebImage; sourceTree = "<group>"; };
		84C9F7D91B40949F00BDD104 /* SDWebImage-ProgressView */ = {isa = PBXFileReference; lastKnownFileType = folder; name = "SDWebImage-ProgressView"; path = "Pods/SDWebImage-ProgressView"; sourceTree = "<group>"; };
		84C9F7DA1B40949F00BDD104 /* Target Support Files */ = {isa = PBXFileReference; lastKnownFileType = folder; name = "Target Support Files"; path = "Pods/Target Support Files"; sourceTree = "<group>"; };
		84C9F7DB1B40949F00BDD104 /* TPKeyboardAvoiding */ = {isa = PBXFileReference; lastKnownFileType = folder; name = TPKeyboardAvoiding; path = Pods/TPKeyboardAvoiding; sourceTree = "<group>"; };
		84CD91A81B2C301700B1AAD5 /* AudioToolbox.framework */ = {isa = PBXFileReference; lastKnownFileType = wrapper.framework; name = AudioToolbox.framework; path = System/Library/Frameworks/AudioToolbox.framework; sourceTree = SDKROOT; };
		84CD91AA1B2C302C00B1AAD5 /* CFNetwork.framework */ = {isa = PBXFileReference; lastKnownFileType = wrapper.framework; name = CFNetwork.framework; path = System/Library/Frameworks/CFNetwork.framework; sourceTree = SDKROOT; };
		84CD91AE1B2C305A00B1AAD5 /* CoreLocation.framework */ = {isa = PBXFileReference; lastKnownFileType = wrapper.framework; name = CoreLocation.framework; path = System/Library/Frameworks/CoreLocation.framework; sourceTree = SDKROOT; };
		84CD91B01B2C307700B1AAD5 /* MobileCoreServices.framework */ = {isa = PBXFileReference; lastKnownFileType = wrapper.framework; name = MobileCoreServices.framework; path = System/Library/Frameworks/MobileCoreServices.framework; sourceTree = SDKROOT; };
		84CD91B21B2C308800B1AAD5 /* QuartzCore.framework */ = {isa = PBXFileReference; lastKnownFileType = wrapper.framework; name = QuartzCore.framework; path = System/Library/Frameworks/QuartzCore.framework; sourceTree = SDKROOT; };
		84CD91B41B2C309800B1AAD5 /* Security.framework */ = {isa = PBXFileReference; lastKnownFileType = wrapper.framework; name = Security.framework; path = System/Library/Frameworks/Security.framework; sourceTree = SDKROOT; };
		84CD91B61B2C30AB00B1AAD5 /* StoreKit.framework */ = {isa = PBXFileReference; lastKnownFileType = wrapper.framework; name = StoreKit.framework; path = System/Library/Frameworks/StoreKit.framework; sourceTree = SDKROOT; };
		84CD91B71B2C30AB00B1AAD5 /* SystemConfiguration.framework */ = {isa = PBXFileReference; lastKnownFileType = wrapper.framework; name = SystemConfiguration.framework; path = System/Library/Frameworks/SystemConfiguration.framework; sourceTree = SDKROOT; };
		84CD91BA1B2C30D100B1AAD5 /* libz.dylib */ = {isa = PBXFileReference; lastKnownFileType = "compiled.mach-o.dylib"; name = libz.dylib; path = usr/lib/libz.dylib; sourceTree = SDKROOT; };
		84CD91BC1B2C30FC00B1AAD5 /* libsqlite3.dylib */ = {isa = PBXFileReference; lastKnownFileType = "compiled.mach-o.dylib"; name = libsqlite3.dylib; path = usr/lib/libsqlite3.dylib; sourceTree = SDKROOT; };
		84DC36CF1B35805600A94CBA /* DataPlist.h */ = {isa = PBXFileReference; fileEncoding = 4; lastKnownFileType = sourcecode.c.h; path = DataPlist.h; sourceTree = "<group>"; };
		84DC36D01B35805600A94CBA /* DataPlist.m */ = {isa = PBXFileReference; fileEncoding = 4; lastKnownFileType = sourcecode.c.objc; path = DataPlist.m; sourceTree = "<group>"; };
		84DC36D21B3580A000A94CBA /* CustomCell.h */ = {isa = PBXFileReference; fileEncoding = 4; lastKnownFileType = sourcecode.c.h; path = CustomCell.h; sourceTree = "<group>"; };
		84DC36D31B3580A000A94CBA /* CustomCell.m */ = {isa = PBXFileReference; fileEncoding = 4; lastKnownFileType = sourcecode.c.objc; path = CustomCell.m; sourceTree = "<group>"; };
		84DC36D51B35815800A94CBA /* DetailsViewController.h */ = {isa = PBXFileReference; fileEncoding = 4; lastKnownFileType = sourcecode.c.h; path = DetailsViewController.h; sourceTree = "<group>"; };
		84DC36D61B35815800A94CBA /* DetailsViewController.m */ = {isa = PBXFileReference; fileEncoding = 4; lastKnownFileType = sourcecode.c.objc; path = DetailsViewController.m; sourceTree = "<group>"; };
		84DC36D91B35819B00A94CBA /* ZutatTableViewController.m */ = {isa = PBXFileReference; fileEncoding = 4; lastKnownFileType = sourcecode.c.objc; path = ZutatTableViewController.m; sourceTree = "<group>"; };
		84DC36E11B35845D00A94CBA /* CustomCell.xib */ = {isa = PBXFileReference; fileEncoding = 4; lastKnownFileType = file.xib; name = CustomCell.xib; path = FITamin.xcodeproj/../CustomCell.xib; sourceTree = SOURCE_ROOT; };
		84DC36E31B35866C00A94CBA /* ZutatTableViewController.h */ = {isa = PBXFileReference; lastKnownFileType = sourcecode.c.h; path = ZutatTableViewController.h; sourceTree = "<group>"; };
		84DC36E61B35A88B00A94CBA /* mywanderingheart.ttf */ = {isa = PBXFileReference; lastKnownFileType = file; path = mywanderingheart.ttf; sourceTree = "<group>"; };
		84F283641B4E83CB004A58D6 /* LogInVCDetail.h */ = {isa = PBXFileReference; fileEncoding = 4; lastKnownFileType = sourcecode.c.h; path = LogInVCDetail.h; sourceTree = "<group>"; };
		84F283651B4E83CB004A58D6 /* LogInVCDetail.m */ = {isa = PBXFileReference; fileEncoding = 4; lastKnownFileType = sourcecode.c.objc; path = LogInVCDetail.m; sourceTree = "<group>"; };
		D2F76DA9E59A064428B161FC /* libPods-FITamin.a */ = {isa = PBXFileReference; explicitFileType = archive.ar; includeInIndex = 0; path = "libPods-FITamin.a"; sourceTree = BUILT_PRODUCTS_DIR; };
		D45A6F231B2F0EDE0016A3BE /* MapKit.framework */ = {isa = PBXFileReference; lastKnownFileType = wrapper.framework; name = MapKit.framework; path = System/Library/Frameworks/MapKit.framework; sourceTree = SDKROOT; };
		D475D1F21B3F1947008D046B /* RecipeModel.h */ = {isa = PBXFileReference; fileEncoding = 4; lastKnownFileType = sourcecode.c.h; path = RecipeModel.h; sourceTree = "<group>"; };
		D475D1F31B3F1947008D046B /* RecipeModel.m */ = {isa = PBXFileReference; fileEncoding = 4; lastKnownFileType = sourcecode.c.objc; path = RecipeModel.m; sourceTree = "<group>"; };
		D475D1F51B3F1956008D046B /* RecipeListModel.h */ = {isa = PBXFileReference; fileEncoding = 4; lastKnownFileType = sourcecode.c.h; path = RecipeListModel.h; sourceTree = "<group>"; };
		D475D1F61B3F1956008D046B /* RecipeListModel.m */ = {isa = PBXFileReference; fileEncoding = 4; lastKnownFileType = sourcecode.c.objc; path = RecipeListModel.m; sourceTree = "<group>"; };
		D475D1F81B3F1962008D046B /* SearchModel.h */ = {isa = PBXFileReference; fileEncoding = 4; lastKnownFileType = sourcecode.c.h; path = SearchModel.h; sourceTree = "<group>"; };
		D475D1F91B3F1962008D046B /* SearchModel.m */ = {isa = PBXFileReference; fileEncoding = 4; lastKnownFileType = sourcecode.c.objc; path = SearchModel.m; sourceTree = "<group>"; };
		D475D1FB1B3F1972008D046B /* GetRequestModel.h */ = {isa = PBXFileReference; fileEncoding = 4; lastKnownFileType = sourcecode.c.h; path = GetRequestModel.h; sourceTree = "<group>"; };
		D475D1FC1B3F1972008D046B /* GetRequestModel.m */ = {isa = PBXFileReference; fileEncoding = 4; lastKnownFileType = sourcecode.c.objc; path = GetRequestModel.m; sourceTree = "<group>"; };
		D475D1FE1B3F1A83008D046B /* RecipeApiController.h */ = {isa = PBXFileReference; fileEncoding = 4; lastKnownFileType = sourcecode.c.h; path = RecipeApiController.h; sourceTree = "<group>"; };
		D475D1FF1B3F1A83008D046B /* RecipeApiController.m */ = {isa = PBXFileReference; fileEncoding = 4; lastKnownFileType = sourcecode.c.objc; path = RecipeApiController.m; sourceTree = "<group>"; };
		D4DA7B381B28815D00440996 /* FITamin.app */ = {isa = PBXFileReference; explicitFileType = wrapper.application; includeInIndex = 0; path = FITamin.app; sourceTree = BUILT_PRODUCTS_DIR; };
		D4DA7B3D1B28815D00440996 /* main.m */ = {isa = PBXFileReference; lastKnownFileType = sourcecode.c.objc; path = main.m; sourceTree = "<group>"; };
		D4DA7B3F1B28815D00440996 /* AppDelegate.h */ = {isa = PBXFileReference; lastKnownFileType = sourcecode.c.h; path = AppDelegate.h; sourceTree = "<group>"; };
		D4DA7B401B28815D00440996 /* AppDelegate.m */ = {isa = PBXFileReference; lastKnownFileType = sourcecode.c.objc; path = AppDelegate.m; sourceTree = "<group>"; };
		D4DA7B421B28815D00440996 /* StartmenuVC.h */ = {isa = PBXFileReference; lastKnownFileType = sourcecode.c.h; path = StartmenuVC.h; sourceTree = "<group>"; };
		D4DA7B431B28815D00440996 /* StartmenuVC.m */ = {isa = PBXFileReference; lastKnownFileType = sourcecode.c.objc; path = StartmenuVC.m; sourceTree = "<group>"; };
		D4DA7B461B28815D00440996 /* Base */ = {isa = PBXFileReference; lastKnownFileType = file.storyboard; name = Base; path = Base.lproj/Main.storyboard; sourceTree = "<group>"; };
		D4DA7B4B1B28815D00440996 /* Base */ = {isa = PBXFileReference; lastKnownFileType = file.xib; name = Base; path = Base.lproj/LaunchScreen.xib; sourceTree = "<group>"; };
		D4DA7B511B28815D00440996 /* FITaminTests.xctest */ = {isa = PBXFileReference; explicitFileType = wrapper.cfbundle; includeInIndex = 0; path = FITaminTests.xctest; sourceTree = BUILT_PRODUCTS_DIR; };
		D4DA7B561B28815D00440996 /* Info.plist */ = {isa = PBXFileReference; lastKnownFileType = text.plist.xml; path = Info.plist; sourceTree = "<group>"; };
		D4DA7B571B28815D00440996 /* FITaminTests.m */ = {isa = PBXFileReference; lastKnownFileType = sourcecode.c.objc; path = FITaminTests.m; sourceTree = "<group>"; };
		EEE53A2F2669ABAFC6AA89FE /* Pods-FITamin.release.xcconfig */ = {isa = PBXFileReference; includeInIndex = 1; lastKnownFileType = text.xcconfig; name = "Pods-FITamin.release.xcconfig"; path = "Pods/Target Support Files/Pods-FITamin/Pods-FITamin.release.xcconfig"; sourceTree = "<group>"; };
		F70A68C31B3ED8D40057A016 /* ChooseMode.h */ = {isa = PBXFileReference; fileEncoding = 4; lastKnownFileType = sourcecode.c.h; path = ChooseMode.h; sourceTree = "<group>"; };
		F70A68C41B3ED8D40057A016 /* ChooseMode.m */ = {isa = PBXFileReference; fileEncoding = 4; lastKnownFileType = sourcecode.c.objc; path = ChooseMode.m; sourceTree = "<group>"; };
		F76F16651B43E4040065BBCE /* WorkoutRecipesTableTableViewController.h */ = {isa = PBXFileReference; fileEncoding = 4; lastKnownFileType = sourcecode.c.h; path = WorkoutRecipesTableTableViewController.h; sourceTree = "<group>"; };
		F76F16661B43E4040065BBCE /* WorkoutRecipesTableTableViewController.m */ = {isa = PBXFileReference; fileEncoding = 4; lastKnownFileType = sourcecode.c.objc; path = WorkoutRecipesTableTableViewController.m; sourceTree = "<group>"; };
		F76F16681B43E6E40065BBCE /* WorkoutRecipeCustomCell.xib */ = {isa = PBXFileReference; fileEncoding = 4; lastKnownFileType = file.xib; path = WorkoutRecipeCustomCell.xib; sourceTree = "<group>"; };
		F76F166A1B43E9220065BBCE /* WorkoutRecipeCustomCell.h */ = {isa = PBXFileReference; fileEncoding = 4; lastKnownFileType = sourcecode.c.h; path = WorkoutRecipeCustomCell.h; sourceTree = "<group>"; };
		F76F166B1B43E9220065BBCE /* WorkoutRecipeCustomCell.m */ = {isa = PBXFileReference; fileEncoding = 4; lastKnownFileType = sourcecode.c.objc; path = WorkoutRecipeCustomCell.m; sourceTree = "<group>"; };
		F790D0E21B31B5B50092654E /* Images.xcassets */ = {isa = PBXFileReference; lastKnownFileType = folder.assetcatalog; path = Images.xcassets; sourceTree = "<group>"; };
/* End PBXFileReference section */

/* Begin PBXFrameworksBuildPhase section */
		D4DA7B351B28815D00440996 /* Frameworks */ = {
			isa = PBXFrameworksBuildPhase;
			buildActionMask = 2147483647;
			files = (
				84713AAC1B4E9308004F817E /* AVFoundation.framework in Frameworks */,
				84C9F7CB1B40948200BDD104 /* AFNetworking in Frameworks */,
				845BDB661B30166100F6C7B3 /* Accounts.framework in Frameworks */,
				845BDB641B30165800F6C7B3 /* Social.framework in Frameworks */,
				D45A6F241B2F0EDE0016A3BE /* MapKit.framework in Frameworks */,
				84CD91AF1B2C305A00B1AAD5 /* CoreLocation.framework in Frameworks */,
				84CD91BD1B2C30FC00B1AAD5 /* libsqlite3.dylib in Frameworks */,
				84CD91BB1B2C30D100B1AAD5 /* libz.dylib in Frameworks */,
				84CD91B81B2C30AB00B1AAD5 /* StoreKit.framework in Frameworks */,
				84CD91B91B2C30AB00B1AAD5 /* SystemConfiguration.framework in Frameworks */,
				84CD91B51B2C309800B1AAD5 /* Security.framework in Frameworks */,
				84CD91B31B2C308800B1AAD5 /* QuartzCore.framework in Frameworks */,
				84CD91B11B2C307700B1AAD5 /* MobileCoreServices.framework in Frameworks */,
				84CD91AC1B2C302C00B1AAD5 /* CFNetwork.framework in Frameworks */,
				84CD91A91B2C301800B1AAD5 /* AudioToolbox.framework in Frameworks */,
				B9F47C3697E9FF05607928C2 /* libPods-FITamin.a in Frameworks */,
			);
			runOnlyForDeploymentPostprocessing = 0;
		};
		D4DA7B4E1B28815D00440996 /* Frameworks */ = {
			isa = PBXFrameworksBuildPhase;
			buildActionMask = 2147483647;
			files = (
			);
			runOnlyForDeploymentPostprocessing = 0;
		};
/* End PBXFrameworksBuildPhase section */

/* Begin PBXGroup section */
		842FCA4E1B493C060038D1CF /* Helper */ = {
			isa = PBXGroup;
			children = (
				842FCA5A1B493C5E0038D1CF /* Quicksort.h */,
				842FCA5B1B493E380038D1CF /* Quicksort.m */,
			);
			name = Helper;
			sourceTree = "<group>";
		};
		8438BEE71B41799C00E3FA62 /* CustomMapObjects */ = {
			isa = PBXGroup;
			children = (
				8438BEF21B4179EC00E3FA62 /* MapViewExerciseAnnotation.h */,
				8438BEF31B417A3F00E3FA62 /* MapViewExerciseAnnotation.m */,
				846311091B43D920006DD69F /* ExerciseCheckView.h */,
				846311171B43D935006DD69F /* ExerciseCheckView.m */,
			);
			name = CustomMapObjects;
			sourceTree = "<group>";
		};
		844AF59B1B31FD8400353B6B /* Nib Files */ = {
			isa = PBXGroup;
			children = (
				84DC36E11B35845D00A94CBA /* CustomCell.xib */,
				84575BB81B3EC176006C298D /* RecipeCustomCell.xib */,
				F76F16681B43E6E40065BBCE /* WorkoutRecipeCustomCell.xib */,
			);
			name = "Nib Files";
			sourceTree = "<group>";
		};
		844AF5B81B3207FF00353B6B /* FitnessZutaten */ = {
			isa = PBXGroup;
			children = (
				84DC36D91B35819B00A94CBA /* ZutatTableViewController.m */,
				84DC36E31B35866C00A94CBA /* ZutatTableViewController.h */,
				8441B9411B3AD4CF008698B4 /* Zutat.h */,
				8441B9421B3AD4CF008698B4 /* Zutat.m */,
				84DC36D51B35815800A94CBA /* DetailsViewController.h */,
				84DC36D61B35815800A94CBA /* DetailsViewController.m */,
				84DC36D21B3580A000A94CBA /* CustomCell.h */,
				84DC36D31B3580A000A94CBA /* CustomCell.m */,
				84DC36CF1B35805600A94CBA /* DataPlist.h */,
				84DC36D01B35805600A94CBA /* DataPlist.m */,
			);
			name = FitnessZutaten;
			sourceTree = "<group>";
		};
		84575BA21B3EBABA006C298D /* FitnessRezepte */ = {
			isa = PBXGroup;
			children = (
				84575BB21B3EBE42006C298D /* RecipeTableViewController.h */,
				84575BB31B3EBE42006C298D /* RecipeTableViewController.m */,
				84575BBA1B3EC8D9006C298D /* Recipe.h */,
				84575BBB1B3EC8D9006C298D /* Recipe.m */,
				84575BAF1B3EBB83006C298D /* RecipeDetailVC.h */,
				84575BB01B3EBB83006C298D /* RecipeDetailVC.m */,
				84575BB51B3EBF65006C298D /* RecipeCustomCell.h */,
				84575BB61B3EBF65006C298D /* RecipeCustomCell.m */,
				D475D1F21B3F1947008D046B /* RecipeModel.h */,
				D475D1F31B3F1947008D046B /* RecipeModel.m */,
				D475D1F51B3F1956008D046B /* RecipeListModel.h */,
				D475D1F61B3F1956008D046B /* RecipeListModel.m */,
				D475D1F81B3F1962008D046B /* SearchModel.h */,
				D475D1F91B3F1962008D046B /* SearchModel.m */,
				D475D1FB1B3F1972008D046B /* GetRequestModel.h */,
				D475D1FC1B3F1972008D046B /* GetRequestModel.m */,
				D475D1FE1B3F1A83008D046B /* RecipeApiController.h */,
				D475D1FF1B3F1A83008D046B /* RecipeApiController.m */,
			);
			name = FitnessRezepte;
			sourceTree = "<group>";
		};
		84856E2F1B47AAB40039E1EF /* LocationUpload */ = {
			isa = PBXGroup;
			children = (
				84856E301B47AB4F0039E1EF /* LocationUploadVC.h */,
				84856E311B47AB650039E1EF /* LocationUploadVC.m */,
			);
			name = LocationUpload;
			sourceTree = "<group>";
		};
		84C9F7D61B40949E00BDD104 /* Products */ = {
			isa = PBXGroup;
			children = (
				84C9F7E71B4094A000BDD104 /* libPods-FITamin.a */,
				84C9F7E91B4094A000BDD104 /* libPods-FITamin-AFNetworking.a */,
				84C9F7EB1B4094A000BDD104 /* libPods-FITamin-Bolts.a */,
				84C9F7ED1B4094A000BDD104 /* libPods-FITamin-Facebook-iOS-SDK.a */,
				84C9F7EF1B4094A000BDD104 /* libPods-FITamin-JSONModel.a */,
				84C9F7F11B4094A000BDD104 /* libPods-FITamin-MBProgressHUD.a */,
				84C9F7F31B4094A000BDD104 /* libPods-FITamin-ParseUI.a */,
				F76F16641B43E3870065BBCE /* libPods-FITamin-RateView.a */,
				84C9F7F51B4094A000BDD104 /* libPods-FITamin-SDWebImage.a */,
				84C9F7F71B4094A000BDD104 /* libPods-FITamin-SDWebImage-ProgressView.a */,
				84C9F7F91B4094A000BDD104 /* libPods-FITamin-TPKeyboardAvoiding.a */,
			);
			name = Products;
			sourceTree = "<group>";
		};
		BD4CD3B1950E0CD3C4E65AA5 /* Pods */ = {
			isa = PBXGroup;
			children = (
				778406AD3732DDB7A2323C38 /* Pods-FITamin.debug.xcconfig */,
				EEE53A2F2669ABAFC6AA89FE /* Pods-FITamin.release.xcconfig */,
			);
			name = Pods;
			sourceTree = "<group>";
		};
		D4DA7B2F1B28815D00440996 = {
			isa = PBXGroup;
			children = (
				845BDB651B30166100F6C7B3 /* Accounts.framework */,
				845BDB631B30165800F6C7B3 /* Social.framework */,
				D45A6F231B2F0EDE0016A3BE /* MapKit.framework */,
				84CD91BC1B2C30FC00B1AAD5 /* libsqlite3.dylib */,
				84CD91BA1B2C30D100B1AAD5 /* libz.dylib */,
				84CD91B61B2C30AB00B1AAD5 /* StoreKit.framework */,
				84CD91B71B2C30AB00B1AAD5 /* SystemConfiguration.framework */,
				84CD91B41B2C309800B1AAD5 /* Security.framework */,
				84CD91B21B2C308800B1AAD5 /* QuartzCore.framework */,
				84CD91B01B2C307700B1AAD5 /* MobileCoreServices.framework */,
				84CD91AE1B2C305A00B1AAD5 /* CoreLocation.framework */,
				84CD91AA1B2C302C00B1AAD5 /* CFNetwork.framework */,
				84CD91A81B2C301700B1AAD5 /* AudioToolbox.framework */,
				D4DA7B3A1B28815D00440996 /* FITamin */,
				D4DA7B541B28815D00440996 /* FITaminTests */,
				D4DA7B391B28815D00440996 /* Products */,
				BD4CD3B1950E0CD3C4E65AA5 /* Pods */,
				F29F7DD480755A2E9A97B68E /* Frameworks */,
			);
			sourceTree = "<group>";
		};
		D4DA7B391B28815D00440996 /* Products */ = {
			isa = PBXGroup;
			children = (
				D4DA7B381B28815D00440996 /* FITamin.app */,
				D4DA7B511B28815D00440996 /* FITaminTests.xctest */,
			);
			name = Products;
			sourceTree = "<group>";
		};
		D4DA7B3A1B28815D00440996 /* FITamin */ = {
			isa = PBXGroup;
			children = (
				D4DA7B3F1B28815D00440996 /* AppDelegate.h */,
				D4DA7B401B28815D00440996 /* AppDelegate.m */,
				D4DA7B421B28815D00440996 /* StartmenuVC.h */,
				D4DA7B431B28815D00440996 /* StartmenuVC.m */,
				840F04A21B41861D00AFE817 /* LogoutVC.h */,
				840F04A31B41861D00AFE817 /* LogoutVC.m */,
				84567A3A1B2EEBBD0062E0D6 /* ErnaehrungView.h */,
				84567A3B1B2EEBBD0062E0D6 /* ErnaehrungView.m */,
				84567A371B2EE92E0062E0D6 /* StartmenuView.h */,
				84567A381B2EE92E0062E0D6 /* StartmenuView.m */,
				845BDB621B3013ED00F6C7B3 /* LogInVC.h */,
				845BDB601B3013B000F6C7B3 /* LogInVC.m */,
				84F283641B4E83CB004A58D6 /* LogInVCDetail.h */,
				84F283651B4E83CB004A58D6 /* LogInVCDetail.m */,
				84191B4D1B2C4904006C0C86 /* ChangeModusVC.h */,
				84191B4E1B2C4904006C0C86 /* ChangeModusVC.m */,
				849689991B2C4A9B0000CAE2 /* ErnaehrungVC.h */,
				8496899A1B2C4A9B0000CAE2 /* ErnaehrungVC.m */,
				8496899B1B2C4A9B0000CAE2 /* FinishedScreenVC.h */,
				8496899C1B2C4A9B0000CAE2 /* FinishedScreenVC.m */,
				8496899F1B2C4B9A0000CAE2 /* MuskelgruppeVC.h */,
				849689A01B2C4B9A0000CAE2 /* MuskelgruppeVC.m */,
				849689A41B2C4BC10000CAE2 /* SavedWorkoutsVC.h */,
				849689A51B2C4BC10000CAE2 /* SavedWorkoutsVC.m */,
				849689A81B2C4BFE0000CAE2 /* StandortVC.h */,
				849689A91B2C4BFE0000CAE2 /* StandortVC.m */,
				849689AD1B2C4C160000CAE2 /* UebungRouteVC.h */,
				849689AE1B2C4C160000CAE2 /* UebungRouteVC.m */,
				849689AB1B2C4C160000CAE2 /* UebungAnleitungVC.h */,
				849689AC1B2C4C160000CAE2 /* UebungAnleitungVC.m */,
				840F04A51B41C25800AFE817 /* SavedWorkoutsTableVC.h */,
				840F04A61B41C25800AFE817 /* SavedWorkoutsTableVC.m */,
				F70A68C31B3ED8D40057A016 /* ChooseMode.h */,
				F70A68C41B3ED8D40057A016 /* ChooseMode.m */,
				84567A401B2EFEB10062E0D6 /* NeuWorkoutView.h */,
				84567A411B2EFEB10062E0D6 /* NeuWorkoutView.m */,
				84567A431B2EFEC40062E0D6 /* NeuWorkoutVC.h */,
				84567A441B2EFEC40062E0D6 /* NeuWorkoutVC.m */,
				D4DA7B4A1B28815D00440996 /* LaunchScreen.xib */,
				D4DA7B451B28815D00440996 /* Main.storyboard */,
				F790D0E21B31B5B50092654E /* Images.xcassets */,
				842FCA4E1B493C060038D1CF /* Helper */,
				84856E2F1B47AAB40039E1EF /* LocationUpload */,
				F76F16571B43E3860065BBCE /* RecipesForWorkout */,
				8438BEE71B41799C00E3FA62 /* CustomMapObjects */,
				84575BA21B3EBABA006C298D /* FitnessRezepte */,
				844AF5B81B3207FF00353B6B /* FitnessZutaten */,
				844AF59B1B31FD8400353B6B /* Nib Files */,
				D4DA7B3B1B28815D00440996 /* Supporting Files */,
			);
			path = FITamin;
			sourceTree = "<group>";
		};
		D4DA7B3B1B28815D00440996 /* Supporting Files */ = {
			isa = PBXGroup;
			children = (
				8438BEF51B418BCC00E3FA62 /* erdbeere.png */,
				84DC36E61B35A88B00A94CBA /* mywanderingheart.ttf */,
				844AF59F1B31FDFF00353B6B /* Dynamic Table Views-Info.plist */,
				844AF5B61B3206AE00353B6B /* Info.plist */,
				844AF5A11B31FE0400353B6B /* InfoPlist.strings */,
				844AF5A31B31FE0800353B6B /* Dynamic Table Views-Prefix.pch */,
				D4DA7B3D1B28815D00440996 /* main.m */,
				8441B93F1B3AD1CF008698B4 /* data.plist */,
				848C569F1B31962400B407C5 /* Default.png */,
				848C56A01B31962400B407C5 /* Default@2x.png */,
				848C56A11B31962400B407C5 /* Default-568h@2x.png */,
				844AF58C1B31E29600353B6B /* zutatenListe.plist */,
			);
			name = "Supporting Files";
			sourceTree = "<group>";
		};
		D4DA7B541B28815D00440996 /* FITaminTests */ = {
			isa = PBXGroup;
			children = (
				D4DA7B571B28815D00440996 /* FITaminTests.m */,
				D4DA7B551B28815D00440996 /* Supporting Files */,
			);
			path = FITaminTests;
			sourceTree = "<group>";
		};
		D4DA7B551B28815D00440996 /* Supporting Files */ = {
			isa = PBXGroup;
			children = (
				D4DA7B561B28815D00440996 /* Info.plist */,
			);
			name = "Supporting Files";
			sourceTree = "<group>";
		};
		F29F7DD480755A2E9A97B68E /* Frameworks */ = {
			isa = PBXGroup;
			children = (
				84713AAB1B4E9308004F817E /* AVFoundation.framework */,
				84C9F7CC1B40949E00BDD104 /* Bolts */,
				84C9F7CD1B40949E00BDD104 /* Facebook-iOS-SDK */,
				84C9F7CE1B40949E00BDD104 /* Headers */,
				84C9F7CF1B40949E00BDD104 /* JSONModel */,
				84C9F7D01B40949E00BDD104 /* Manifest.lock */,
				84C9F7D11B40949E00BDD104 /* MBProgressHUD */,
				84C9F7D21B40949E00BDD104 /* Parse */,
				84C9F7D31B40949E00BDD104 /* ParseFacebookUtilsV4 */,
				84C9F7D41B40949E00BDD104 /* ParseUI */,
				84C9F7D51B40949E00BDD104 /* Pods.xcodeproj */,
				84C9F7D81B40949F00BDD104 /* SDWebImage */,
				84C9F7D91B40949F00BDD104 /* SDWebImage-ProgressView */,
				84C9F7DA1B40949F00BDD104 /* Target Support Files */,
				84C9F7DB1B40949F00BDD104 /* TPKeyboardAvoiding */,
				84C9F7CA1B40948200BDD104 /* AFNetworking */,
				D2F76DA9E59A064428B161FC /* libPods-FITamin.a */,
			);
			name = Frameworks;
			sourceTree = "<group>";
		};
		F76F16571B43E3860065BBCE /* RecipesForWorkout */ = {
			isa = PBXGroup;
			children = (
				F76F16651B43E4040065BBCE /* WorkoutRecipesTableTableViewController.h */,
				F76F16661B43E4040065BBCE /* WorkoutRecipesTableTableViewController.m */,
				F76F166A1B43E9220065BBCE /* WorkoutRecipeCustomCell.h */,
				F76F166B1B43E9220065BBCE /* WorkoutRecipeCustomCell.m */,
			);
			name = RecipesForWorkout;
			sourceTree = "<group>";
		};
/* End PBXGroup section */

/* Begin PBXNativeTarget section */
		D4DA7B371B28815D00440996 /* FITamin */ = {
			isa = PBXNativeTarget;
			buildConfigurationList = D4DA7B5B1B28815D00440996 /* Build configuration list for PBXNativeTarget "FITamin" */;
			buildPhases = (
				8016B4FCB72B43693752B37D /* Check Pods Manifest.lock */,
				D4DA7B341B28815D00440996 /* Sources */,
				D4DA7B351B28815D00440996 /* Frameworks */,
				D4DA7B361B28815D00440996 /* Resources */,
				231564C9BF297CEDFCE4EB8F /* Copy Pods Resources */,
			);
			buildRules = (
			);
			dependencies = (
			);
			name = FITamin;
			productName = FITamin;
			productReference = D4DA7B381B28815D00440996 /* FITamin.app */;
			productType = "com.apple.product-type.application";
		};
		D4DA7B501B28815D00440996 /* FITaminTests */ = {
			isa = PBXNativeTarget;
			buildConfigurationList = D4DA7B5E1B28815D00440996 /* Build configuration list for PBXNativeTarget "FITaminTests" */;
			buildPhases = (
				D4DA7B4D1B28815D00440996 /* Sources */,
				D4DA7B4E1B28815D00440996 /* Frameworks */,
				D4DA7B4F1B28815D00440996 /* Resources */,
			);
			buildRules = (
			);
			dependencies = (
				D4DA7B531B28815D00440996 /* PBXTargetDependency */,
			);
			name = FITaminTests;
			productName = FITaminTests;
			productReference = D4DA7B511B28815D00440996 /* FITaminTests.xctest */;
			productType = "com.apple.product-type.bundle.unit-test";
		};
/* End PBXNativeTarget section */

/* Begin PBXProject section */
		D4DA7B301B28815D00440996 /* Project object */ = {
			isa = PBXProject;
			attributes = {
				LastUpgradeCheck = 0630;
				ORGANIZATIONNAME = "iOS-Praktikum";
				TargetAttributes = {
					D4DA7B371B28815D00440996 = {
						CreatedOnToolsVersion = 6.3.2;
						DevelopmentTeam = C7PLUFBAM2;
					};
					D4DA7B501B28815D00440996 = {
						CreatedOnToolsVersion = 6.3.2;
						TestTargetID = D4DA7B371B28815D00440996;
					};
				};
			};
			buildConfigurationList = D4DA7B331B28815D00440996 /* Build configuration list for PBXProject "FITamin" */;
			compatibilityVersion = "Xcode 3.2";
			developmentRegion = English;
			hasScannedForEncodings = 0;
			knownRegions = (
				en,
				Base,
			);
			mainGroup = D4DA7B2F1B28815D00440996;
			productRefGroup = D4DA7B391B28815D00440996 /* Products */;
			projectDirPath = "";
			projectReferences = (
				{
					ProductGroup = 84C9F7D61B40949E00BDD104 /* Products */;
					ProjectRef = 84C9F7D51B40949E00BDD104 /* Pods.xcodeproj */;
				},
			);
			projectRoot = "";
			targets = (
				D4DA7B371B28815D00440996 /* FITamin */,
				D4DA7B501B28815D00440996 /* FITaminTests */,
			);
		};
/* End PBXProject section */

/* Begin PBXReferenceProxy section */
		84C9F7E71B4094A000BDD104 /* libPods-FITamin.a */ = {
			isa = PBXReferenceProxy;
			fileType = archive.ar;
			path = "libPods-FITamin.a";
			remoteRef = 84C9F7E61B4094A000BDD104 /* PBXContainerItemProxy */;
			sourceTree = BUILT_PRODUCTS_DIR;
		};
		84C9F7E91B4094A000BDD104 /* libPods-FITamin-AFNetworking.a */ = {
			isa = PBXReferenceProxy;
			fileType = archive.ar;
			path = "libPods-FITamin-AFNetworking.a";
			remoteRef = 84C9F7E81B4094A000BDD104 /* PBXContainerItemProxy */;
			sourceTree = BUILT_PRODUCTS_DIR;
		};
		84C9F7EB1B4094A000BDD104 /* libPods-FITamin-Bolts.a */ = {
			isa = PBXReferenceProxy;
			fileType = archive.ar;
			path = "libPods-FITamin-Bolts.a";
			remoteRef = 84C9F7EA1B4094A000BDD104 /* PBXContainerItemProxy */;
			sourceTree = BUILT_PRODUCTS_DIR;
		};
		84C9F7ED1B4094A000BDD104 /* libPods-FITamin-Facebook-iOS-SDK.a */ = {
			isa = PBXReferenceProxy;
			fileType = archive.ar;
			path = "libPods-FITamin-Facebook-iOS-SDK.a";
			remoteRef = 84C9F7EC1B4094A000BDD104 /* PBXContainerItemProxy */;
			sourceTree = BUILT_PRODUCTS_DIR;
		};
		84C9F7EF1B4094A000BDD104 /* libPods-FITamin-JSONModel.a */ = {
			isa = PBXReferenceProxy;
			fileType = archive.ar;
			path = "libPods-FITamin-JSONModel.a";
			remoteRef = 84C9F7EE1B4094A000BDD104 /* PBXContainerItemProxy */;
			sourceTree = BUILT_PRODUCTS_DIR;
		};
		84C9F7F11B4094A000BDD104 /* libPods-FITamin-MBProgressHUD.a */ = {
			isa = PBXReferenceProxy;
			fileType = archive.ar;
			path = "libPods-FITamin-MBProgressHUD.a";
			remoteRef = 84C9F7F01B4094A000BDD104 /* PBXContainerItemProxy */;
			sourceTree = BUILT_PRODUCTS_DIR;
		};
		84C9F7F31B4094A000BDD104 /* libPods-FITamin-ParseUI.a */ = {
			isa = PBXReferenceProxy;
			fileType = archive.ar;
			path = "libPods-FITamin-ParseUI.a";
			remoteRef = 84C9F7F21B4094A000BDD104 /* PBXContainerItemProxy */;
			sourceTree = BUILT_PRODUCTS_DIR;
		};
		84C9F7F51B4094A000BDD104 /* libPods-FITamin-SDWebImage.a */ = {
			isa = PBXReferenceProxy;
			fileType = archive.ar;
			path = "libPods-FITamin-SDWebImage.a";
			remoteRef = 84C9F7F41B4094A000BDD104 /* PBXContainerItemProxy */;
			sourceTree = BUILT_PRODUCTS_DIR;
		};
		84C9F7F71B4094A000BDD104 /* libPods-FITamin-SDWebImage-ProgressView.a */ = {
			isa = PBXReferenceProxy;
			fileType = archive.ar;
			path = "libPods-FITamin-SDWebImage-ProgressView.a";
			remoteRef = 84C9F7F61B4094A000BDD104 /* PBXContainerItemProxy */;
			sourceTree = BUILT_PRODUCTS_DIR;
		};
		84C9F7F91B4094A000BDD104 /* libPods-FITamin-TPKeyboardAvoiding.a */ = {
			isa = PBXReferenceProxy;
			fileType = archive.ar;
			path = "libPods-FITamin-TPKeyboardAvoiding.a";
			remoteRef = 84C9F7F81B4094A000BDD104 /* PBXContainerItemProxy */;
			sourceTree = BUILT_PRODUCTS_DIR;
		};
		F76F16641B43E3870065BBCE /* libPods-FITamin-RateView.a */ = {
			isa = PBXReferenceProxy;
			fileType = archive.ar;
			path = "libPods-FITamin-RateView.a";
			remoteRef = F76F16631B43E3870065BBCE /* PBXContainerItemProxy */;
			sourceTree = BUILT_PRODUCTS_DIR;
		};
/* End PBXReferenceProxy section */

/* Begin PBXResourcesBuildPhase section */
		D4DA7B361B28815D00440996 /* Resources */ = {
			isa = PBXResourcesBuildPhase;
			buildActionMask = 2147483647;
			files = (
				844AF5A01B31FDFF00353B6B /* Dynamic Table Views-Info.plist in Resources */,
				848C56A31B31962400B407C5 /* Default@2x.png in Resources */,
				D44EA1DA1B358E8900C40948 /* Images.xcassets in Resources */,
				8438BEF61B418BCC00E3FA62 /* erdbeere.png in Resources */,
				84DC36E71B35A88B00A94CBA /* mywanderingheart.ttf in Resources */,
				D4DA7B471B28815D00440996 /* Main.storyboard in Resources */,
				848C56A41B31962400B407C5 /* Default-568h@2x.png in Resources */,
				848C56A21B31962400B407C5 /* Default.png in Resources */,
				D4DA7B4C1B28815D00440996 /* LaunchScreen.xib in Resources */,
				844AF5B71B3206AE00353B6B /* Info.plist in Resources */,
				F76F16691B43E6E40065BBCE /* WorkoutRecipeCustomCell.xib in Resources */,
				84DC36E21B35845D00A94CBA /* CustomCell.xib in Resources */,
				84575BB91B3EC176006C298D /* RecipeCustomCell.xib in Resources */,
				844AF58D1B31E29600353B6B /* zutatenListe.plist in Resources */,
				8441B9401B3AD1CF008698B4 /* data.plist in Resources */,
				844AF5A21B31FE0400353B6B /* InfoPlist.strings in Resources */,
			);
			runOnlyForDeploymentPostprocessing = 0;
		};
		D4DA7B4F1B28815D00440996 /* Resources */ = {
			isa = PBXResourcesBuildPhase;
			buildActionMask = 2147483647;
			files = (
			);
			runOnlyForDeploymentPostprocessing = 0;
		};
/* End PBXResourcesBuildPhase section */

/* Begin PBXShellScriptBuildPhase section */
		231564C9BF297CEDFCE4EB8F /* Copy Pods Resources */ = {
			isa = PBXShellScriptBuildPhase;
			buildActionMask = 2147483647;
			files = (
			);
			inputPaths = (
			);
			name = "Copy Pods Resources";
			outputPaths = (
			);
			runOnlyForDeploymentPostprocessing = 0;
			shellPath = /bin/sh;
			shellScript = "\"${SRCROOT}/Pods/Target Support Files/Pods-FITamin/Pods-FITamin-resources.sh\"\n";
			showEnvVarsInLog = 0;
		};
		8016B4FCB72B43693752B37D /* Check Pods Manifest.lock */ = {
			isa = PBXShellScriptBuildPhase;
			buildActionMask = 2147483647;
			files = (
			);
			inputPaths = (
			);
			name = "Check Pods Manifest.lock";
			outputPaths = (
			);
			runOnlyForDeploymentPostprocessing = 0;
			shellPath = /bin/sh;
			shellScript = "diff \"${PODS_ROOT}/../Podfile.lock\" \"${PODS_ROOT}/Manifest.lock\" > /dev/null\nif [[ $? != 0 ]] ; then\n    cat << EOM\nerror: The sandbox is not in sync with the Podfile.lock. Run 'pod install' or update your CocoaPods installation.\nEOM\n    exit 1\nfi\n";
			showEnvVarsInLog = 0;
		};
/* End PBXShellScriptBuildPhase section */

/* Begin PBXSourcesBuildPhase section */
		D4DA7B341B28815D00440996 /* Sources */ = {
			isa = PBXSourcesBuildPhase;
			buildActionMask = 2147483647;
			files = (
				8441B9431B3AD4CF008698B4 /* Zutat.m in Sources */,
				84DC36D71B35815800A94CBA /* DetailsViewController.m in Sources */,
				8438BEF41B417A3F00E3FA62 /* MapViewExerciseAnnotation.m in Sources */,
				D475D1FA1B3F1962008D046B /* SearchModel.m in Sources */,
				84DC36D41B3580A000A94CBA /* CustomCell.m in Sources */,
				84856E321B47AB650039E1EF /* LocationUploadVC.m in Sources */,
				849689B01B2C4C160000CAE2 /* UebungRouteVC.m in Sources */,
				F76F166C1B43E9220065BBCE /* WorkoutRecipeCustomCell.m in Sources */,
				845BDB611B3013B000F6C7B3 /* LogInVC.m in Sources */,
				8496899E1B2C4A9B0000CAE2 /* FinishedScreenVC.m in Sources */,
				84567A421B2EFEB10062E0D6 /* NeuWorkoutView.m in Sources */,
				846311181B43D935006DD69F /* ExerciseCheckView.m in Sources */,
				849689AA1B2C4BFE0000CAE2 /* StandortVC.m in Sources */,
				849689AF1B2C4C160000CAE2 /* UebungAnleitungVC.m in Sources */,
				D4DA7B441B28815D00440996 /* StartmenuVC.m in Sources */,
				84567A3C1B2EEBBD0062E0D6 /* ErnaehrungView.m in Sources */,
				D475D1FD1B3F1972008D046B /* GetRequestModel.m in Sources */,
				F76F16671B43E4040065BBCE /* WorkoutRecipesTableTableViewController.m in Sources */,
				84575BBC1B3EC8D9006C298D /* Recipe.m in Sources */,
				D475D2001B3F1A83008D046B /* RecipeApiController.m in Sources */,
				84575BB11B3EBB83006C298D /* RecipeDetailVC.m in Sources */,
				849689A71B2C4BC10000CAE2 /* SavedWorkoutsVC.m in Sources */,
				8496899D1B2C4A9B0000CAE2 /* ErnaehrungVC.m in Sources */,
				84567A451B2EFEC40062E0D6 /* NeuWorkoutVC.m in Sources */,
				84DC36D11B35805600A94CBA /* DataPlist.m in Sources */,
				84575BB71B3EBF65006C298D /* RecipeCustomCell.m in Sources */,
				840F04A71B41C25800AFE817 /* SavedWorkoutsTableVC.m in Sources */,
				849689A11B2C4B9A0000CAE2 /* MuskelgruppeVC.m in Sources */,
				D475D1F41B3F1947008D046B /* RecipeModel.m in Sources */,
				84F283661B4E83CB004A58D6 /* LogInVCDetail.m in Sources */,
				84191B4F1B2C4904006C0C86 /* ChangeModusVC.m in Sources */,
				D475D1F71B3F1956008D046B /* RecipeListModel.m in Sources */,
				84567A391B2EE92F0062E0D6 /* StartmenuView.m in Sources */,
				F70A68C51B3ED8D40057A016 /* ChooseMode.m in Sources */,
				842FCA5C1B493E380038D1CF /* Quicksort.m in Sources */,
				84575BB41B3EBE42006C298D /* RecipeTableViewController.m in Sources */,
				D4DA7B411B28815D00440996 /* AppDelegate.m in Sources */,
				84DC36DA1B35819B00A94CBA /* ZutatTableViewController.m in Sources */,
				D4DA7B3E1B28815D00440996 /* main.m in Sources */,
			);
			runOnlyForDeploymentPostprocessing = 0;
		};
		D4DA7B4D1B28815D00440996 /* Sources */ = {
			isa = PBXSourcesBuildPhase;
			buildActionMask = 2147483647;
			files = (
				D4DA7B581B28815D00440996 /* FITaminTests.m in Sources */,
			);
			runOnlyForDeploymentPostprocessing = 0;
		};
/* End PBXSourcesBuildPhase section */

/* Begin PBXTargetDependency section */
		D4DA7B531B28815D00440996 /* PBXTargetDependency */ = {
			isa = PBXTargetDependency;
			target = D4DA7B371B28815D00440996 /* FITamin */;
			targetProxy = D4DA7B521B28815D00440996 /* PBXContainerItemProxy */;
		};
/* End PBXTargetDependency section */

/* Begin PBXVariantGroup section */
		D4DA7B451B28815D00440996 /* Main.storyboard */ = {
			isa = PBXVariantGroup;
			children = (
				D4DA7B461B28815D00440996 /* Base */,
			);
			name = Main.storyboard;
			sourceTree = "<group>";
		};
		D4DA7B4A1B28815D00440996 /* LaunchScreen.xib */ = {
			isa = PBXVariantGroup;
			children = (
				D4DA7B4B1B28815D00440996 /* Base */,
			);
			name = LaunchScreen.xib;
			sourceTree = "<group>";
		};
/* End PBXVariantGroup section */

/* Begin XCBuildConfiguration section */
		D4DA7B591B28815D00440996 /* Debug */ = {
			isa = XCBuildConfiguration;
			buildSettings = {
				ALWAYS_SEARCH_USER_PATHS = NO;
				CLANG_CXX_LANGUAGE_STANDARD = "gnu++0x";
				CLANG_CXX_LIBRARY = "libc++";
				CLANG_ENABLE_MODULES = YES;
				CLANG_ENABLE_OBJC_ARC = YES;
				CLANG_WARN_BOOL_CONVERSION = YES;
				CLANG_WARN_CONSTANT_CONVERSION = YES;
				CLANG_WARN_DIRECT_OBJC_ISA_USAGE = YES_ERROR;
				CLANG_WARN_EMPTY_BODY = YES;
				CLANG_WARN_ENUM_CONVERSION = YES;
				CLANG_WARN_INT_CONVERSION = YES;
				CLANG_WARN_OBJC_ROOT_CLASS = YES_ERROR;
				CLANG_WARN_UNREACHABLE_CODE = YES;
				CLANG_WARN__DUPLICATE_METHOD_MATCH = YES;
				"CODE_SIGN_IDENTITY[sdk=iphoneos*]" = "iPhone Developer";
				COPY_PHASE_STRIP = NO;
				DEBUG_INFORMATION_FORMAT = "dwarf-with-dsym";
				ENABLE_STRICT_OBJC_MSGSEND = YES;
				GCC_C_LANGUAGE_STANDARD = gnu99;
				GCC_DYNAMIC_NO_PIC = NO;
				GCC_NO_COMMON_BLOCKS = YES;
				GCC_OPTIMIZATION_LEVEL = 0;
				GCC_PREPROCESSOR_DEFINITIONS = (
					"DEBUG=1",
					"$(inherited)",
				);
				GCC_SYMBOLS_PRIVATE_EXTERN = NO;
				GCC_WARN_64_TO_32_BIT_CONVERSION = YES;
				GCC_WARN_ABOUT_RETURN_TYPE = YES_ERROR;
				GCC_WARN_UNDECLARED_SELECTOR = YES;
				GCC_WARN_UNINITIALIZED_AUTOS = YES_AGGRESSIVE;
				GCC_WARN_UNUSED_FUNCTION = YES;
				GCC_WARN_UNUSED_VARIABLE = YES;
				IPHONEOS_DEPLOYMENT_TARGET = 8.3;
				MTL_ENABLE_DEBUG_INFO = YES;
				ONLY_ACTIVE_ARCH = YES;
				SDKROOT = iphoneos;
				TARGETED_DEVICE_FAMILY = "1,2";
			};
			name = Debug;
		};
		D4DA7B5A1B28815D00440996 /* Release */ = {
			isa = XCBuildConfiguration;
			buildSettings = {
				ALWAYS_SEARCH_USER_PATHS = NO;
				CLANG_CXX_LANGUAGE_STANDARD = "gnu++0x";
				CLANG_CXX_LIBRARY = "libc++";
				CLANG_ENABLE_MODULES = YES;
				CLANG_ENABLE_OBJC_ARC = YES;
				CLANG_WARN_BOOL_CONVERSION = YES;
				CLANG_WARN_CONSTANT_CONVERSION = YES;
				CLANG_WARN_DIRECT_OBJC_ISA_USAGE = YES_ERROR;
				CLANG_WARN_EMPTY_BODY = YES;
				CLANG_WARN_ENUM_CONVERSION = YES;
				CLANG_WARN_INT_CONVERSION = YES;
				CLANG_WARN_OBJC_ROOT_CLASS = YES_ERROR;
				CLANG_WARN_UNREACHABLE_CODE = YES;
				CLANG_WARN__DUPLICATE_METHOD_MATCH = YES;
				"CODE_SIGN_IDENTITY[sdk=iphoneos*]" = "iPhone Developer";
				COPY_PHASE_STRIP = NO;
				DEBUG_INFORMATION_FORMAT = "dwarf-with-dsym";
				ENABLE_NS_ASSERTIONS = NO;
				ENABLE_STRICT_OBJC_MSGSEND = YES;
				GCC_C_LANGUAGE_STANDARD = gnu99;
				GCC_NO_COMMON_BLOCKS = YES;
				GCC_WARN_64_TO_32_BIT_CONVERSION = YES;
				GCC_WARN_ABOUT_RETURN_TYPE = YES_ERROR;
				GCC_WARN_UNDECLARED_SELECTOR = YES;
				GCC_WARN_UNINITIALIZED_AUTOS = YES_AGGRESSIVE;
				GCC_WARN_UNUSED_FUNCTION = YES;
				GCC_WARN_UNUSED_VARIABLE = YES;
				IPHONEOS_DEPLOYMENT_TARGET = 8.3;
				MTL_ENABLE_DEBUG_INFO = NO;
				SDKROOT = iphoneos;
				TARGETED_DEVICE_FAMILY = "1,2";
				VALIDATE_PRODUCT = YES;
			};
			name = Release;
		};
		D4DA7B5C1B28815D00440996 /* Debug */ = {
			isa = XCBuildConfiguration;
			baseConfigurationReference = 778406AD3732DDB7A2323C38 /* Pods-FITamin.debug.xcconfig */;
			buildSettings = {
				ASSETCATALOG_COMPILER_APPICON_NAME = AppIcon;
				ASSETCATALOG_COMPILER_LAUNCHIMAGE_NAME = LaunchImage;
				CODE_SIGN_IDENTITY = "iPhone Developer";
				FRAMEWORK_SEARCH_PATHS = (
					"$(inherited)",
					"/Users/admin/Downloads/parse-starter-project-1/ParseStarterProject",
					"/Users/Stephan/Downloads/parse-library-1",
					"$(PROJECT_DIR)/FITamin",
					"$(PROJECT_DIR)",
				);
				INFOPLIST_FILE = FITamin/Info.plist;
				LD_RUNPATH_SEARCH_PATHS = "$(inherited) @executable_path/Frameworks";
				PRODUCT_NAME = "$(TARGET_NAME)";
				PROVISIONING_PROFILE = "";
			};
			name = Debug;
		};
		D4DA7B5D1B28815D00440996 /* Release */ = {
			isa = XCBuildConfiguration;
			baseConfigurationReference = EEE53A2F2669ABAFC6AA89FE /* Pods-FITamin.release.xcconfig */;
			buildSettings = {
				ASSETCATALOG_COMPILER_APPICON_NAME = AppIcon;
				ASSETCATALOG_COMPILER_LAUNCHIMAGE_NAME = LaunchImage;
				CODE_SIGN_IDENTITY = "iPhone Developer";
				FRAMEWORK_SEARCH_PATHS = (
					"$(inherited)",
					"/Users/admin/Downloads/parse-starter-project-1/ParseStarterProject",
					"/Users/Stephan/Downloads/parse-library-1",
					"$(PROJECT_DIR)/FITamin",
					"$(PROJECT_DIR)",
				);
				INFOPLIST_FILE = FITamin/Info.plist;
				LD_RUNPATH_SEARCH_PATHS = "$(inherited) @executable_path/Frameworks";
				PRODUCT_NAME = "$(TARGET_NAME)";
				PROVISIONING_PROFILE = "";
			};
			name = Release;
		};
		D4DA7B5F1B28815D00440996 /* Debug */ = {
			isa = XCBuildConfiguration;
			buildSettings = {
				BUNDLE_LOADER = "$(TEST_HOST)";
				FRAMEWORK_SEARCH_PATHS = (
					"$(SDKROOT)/Developer/Library/Frameworks",
					"$(inherited)",
				);
				GCC_PREPROCESSOR_DEFINITIONS = (
					"DEBUG=1",
					"$(inherited)",
				);
				INFOPLIST_FILE = FITaminTests/Info.plist;
				LD_RUNPATH_SEARCH_PATHS = "$(inherited) @executable_path/Frameworks @loader_path/Frameworks";
				PRODUCT_NAME = "$(TARGET_NAME)";
				TEST_HOST = "$(BUILT_PRODUCTS_DIR)/FITamin.app/FITamin";
			};
			name = Debug;
		};
		D4DA7B601B28815D00440996 /* Release */ = {
			isa = XCBuildConfiguration;
			buildSettings = {
				BUNDLE_LOADER = "$(TEST_HOST)";
				FRAMEWORK_SEARCH_PATHS = (
					"$(SDKROOT)/Developer/Library/Frameworks",
					"$(inherited)",
				);
				INFOPLIST_FILE = FITaminTests/Info.plist;
				LD_RUNPATH_SEARCH_PATHS = "$(inherited) @executable_path/Frameworks @loader_path/Frameworks";
				PRODUCT_NAME = "$(TARGET_NAME)";
				TEST_HOST = "$(BUILT_PRODUCTS_DIR)/FITamin.app/FITamin";
			};
			name = Release;
		};
/* End XCBuildConfiguration section */

/* Begin XCConfigurationList section */
		D4DA7B331B28815D00440996 /* Build configuration list for PBXProject "FITamin" */ = {
			isa = XCConfigurationList;
			buildConfigurations = (
				D4DA7B591B28815D00440996 /* Debug */,
				D4DA7B5A1B28815D00440996 /* Release */,
			);
			defaultConfigurationIsVisible = 0;
			defaultConfigurationName = Release;
		};
		D4DA7B5B1B28815D00440996 /* Build configuration list for PBXNativeTarget "FITamin" */ = {
			isa = XCConfigurationList;
			buildConfigurations = (
				D4DA7B5C1B28815D00440996 /* Debug */,
				D4DA7B5D1B28815D00440996 /* Release */,
			);
			defaultConfigurationIsVisible = 0;
			defaultConfigurationName = Release;
		};
		D4DA7B5E1B28815D00440996 /* Build configuration list for PBXNativeTarget "FITaminTests" */ = {
			isa = XCConfigurationList;
			buildConfigurations = (
				D4DA7B5F1B28815D00440996 /* Debug */,
				D4DA7B601B28815D00440996 /* Release */,
			);
			defaultConfigurationIsVisible = 0;
			defaultConfigurationName = Release;
		};
/* End XCConfigurationList section */
	};
	rootObject = D4DA7B301B28815D00440996 /* Project object */;
}
